// !$*UTF8*$!
{
	archiveVersion = 1;
	classes = {
	};
	objectVersion = 56;
	objects = {

/* Begin PBXBuildFile section */
		E01D076A29D12F7E00C405FC /* AppDelegate.swift in Sources */ = {isa = PBXBuildFile; fileRef = E01D076929D12F7E00C405FC /* AppDelegate.swift */; };
		E01D076C29D12F7E00C405FC /* SceneDelegate.swift in Sources */ = {isa = PBXBuildFile; fileRef = E01D076B29D12F7E00C405FC /* SceneDelegate.swift */; };
		E01D076E29D12F7E00C405FC /* ViewController.swift in Sources */ = {isa = PBXBuildFile; fileRef = E01D076D29D12F7E00C405FC /* ViewController.swift */; };
		E01D077129D12F7E00C405FC /* Main.storyboard in Resources */ = {isa = PBXBuildFile; fileRef = E01D076F29D12F7E00C405FC /* Main.storyboard */; };
		E01D077329D12F7E00C405FC /* Assets.xcassets in Resources */ = {isa = PBXBuildFile; fileRef = E01D077229D12F7E00C405FC /* Assets.xcassets */; };
		E01D077629D12F7E00C405FC /* LaunchScreen.storyboard in Resources */ = {isa = PBXBuildFile; fileRef = E01D077429D12F7E00C405FC /* LaunchScreen.storyboard */; };
		E01D077E29D12F9500C405FC /* 조서영스토리보드.storyboard in Resources */ = {isa = PBXBuildFile; fileRef = E01D077D29D12F9500C405FC /* 조서영스토리보드.storyboard */; };
		E01D078029D1335800C405FC /* 조서영ViewController.swift in Sources */ = {isa = PBXBuildFile; fileRef = E01D077F29D1335800C405FC /* 조서영ViewController.swift */; };
/* End PBXBuildFile section */

/* Begin PBXFileReference section */
		E01D076629D12F7E00C405FC /* ch04-조서영-Autolayout.app */ = {isa = PBXFileReference; explicitFileType = wrapper.application; includeInIndex = 0; path = "ch04-조서영-Autolayout.app"; sourceTree = BUILT_PRODUCTS_DIR; };
		E01D076929D12F7E00C405FC /* AppDelegate.swift */ = {isa = PBXFileReference; lastKnownFileType = sourcecode.swift; path = AppDelegate.swift; sourceTree = "<group>"; };
		E01D076B29D12F7E00C405FC /* SceneDelegate.swift */ = {isa = PBXFileReference; lastKnownFileType = sourcecode.swift; path = SceneDelegate.swift; sourceTree = "<group>"; };
		E01D076D29D12F7E00C405FC /* ViewController.swift */ = {isa = PBXFileReference; lastKnownFileType = sourcecode.swift; path = ViewController.swift; sourceTree = "<group>"; };
		E01D077029D12F7E00C405FC /* Base */ = {isa = PBXFileReference; lastKnownFileType = file.storyboard; name = Base; path = Base.lproj/Main.storyboard; sourceTree = "<group>"; };
		E01D077229D12F7E00C405FC /* Assets.xcassets */ = {isa = PBXFileReference; lastKnownFileType = folder.assetcatalog; path = Assets.xcassets; sourceTree = "<group>"; };
		E01D077529D12F7E00C405FC /* Base */ = {isa = PBXFileReference; lastKnownFileType = file.storyboard; name = Base; path = Base.lproj/LaunchScreen.storyboard; sourceTree = "<group>"; };
		E01D077729D12F7E00C405FC /* Info.plist */ = {isa = PBXFileReference; lastKnownFileType = text.plist.xml; path = Info.plist; sourceTree = "<group>"; };
		E01D077D29D12F9500C405FC /* 조서영스토리보드.storyboard */ = {isa = PBXFileReference; lastKnownFileType = file.storyboard; path = "조서영스토리보드.storyboard"; sourceTree = "<group>"; };
		E01D077F29D1335800C405FC /* 조서영ViewController.swift */ = {isa = PBXFileReference; lastKnownFileType = sourcecode.swift; path = "조서영ViewController.swift"; sourceTree = "<group>"; };
/* End PBXFileReference section */

/* Begin PBXFrameworksBuildPhase section */
		E01D076329D12F7E00C405FC /* Frameworks */ = {
			isa = PBXFrameworksBuildPhase;
			buildActionMask = 2147483647;
			files = (
			);
			runOnlyForDeploymentPostprocessing = 0;
		};
/* End PBXFrameworksBuildPhase section */

/* Begin PBXGroup section */
		E01D075D29D12F7D00C405FC = {
			isa = PBXGroup;
			children = (
				E01D076829D12F7E00C405FC /* ch04-조서영-Autolayout */,
				E01D076729D12F7E00C405FC /* Products */,
			);
			sourceTree = "<group>";
		};
		E01D076729D12F7E00C405FC /* Products */ = {
			isa = PBXGroup;
			children = (
				E01D076629D12F7E00C405FC /* ch04-조서영-Autolayout.app */,
			);
			name = Products;
			sourceTree = "<group>";
		};
		E01D076829D12F7E00C405FC /* ch04-조서영-Autolayout */ = {
			isa = PBXGroup;
			children = (
				E01D076929D12F7E00C405FC /* AppDelegate.swift */,
				E01D076B29D12F7E00C405FC /* SceneDelegate.swift */,
				E01D076D29D12F7E00C405FC /* ViewController.swift */,
				E01D076F29D12F7E00C405FC /* Main.storyboard */,
				E01D077229D12F7E00C405FC /* Assets.xcassets */,
				E01D077429D12F7E00C405FC /* LaunchScreen.storyboard */,
				E01D077729D12F7E00C405FC /* Info.plist */,
				E01D077D29D12F9500C405FC /* 조서영스토리보드.storyboard */,
				E01D077F29D1335800C405FC /* 조서영ViewController.swift */,
			);
			path = "ch04-조서영-Autolayout";
			sourceTree = "<group>";
		};
/* End PBXGroup section */

/* Begin PBXNativeTarget section */
		E01D076529D12F7E00C405FC /* ch04-조서영-Autolayout */ = {
			isa = PBXNativeTarget;
			buildConfigurationList = E01D077A29D12F7E00C405FC /* Build configuration list for PBXNativeTarget "ch04-조서영-Autolayout" */;
			buildPhases = (
				E01D076229D12F7E00C405FC /* Sources */,
				E01D076329D12F7E00C405FC /* Frameworks */,
				E01D076429D12F7E00C405FC /* Resources */,
			);
			buildRules = (
			);
			dependencies = (
			);
			name = "ch04-조서영-Autolayout";
			productName = "ch04-조서영-Autolayout";
			productReference = E01D076629D12F7E00C405FC /* ch04-조서영-Autolayout.app */;
			productType = "com.apple.product-type.application";
		};
/* End PBXNativeTarget section */

/* Begin PBXProject section */
		E01D075E29D12F7D00C405FC /* Project object */ = {
			isa = PBXProject;
			attributes = {
				BuildIndependentTargetsInParallel = 1;
				LastSwiftUpdateCheck = 1420;
				LastUpgradeCheck = 1420;
				TargetAttributes = {
					E01D076529D12F7E00C405FC = {
						CreatedOnToolsVersion = 14.2;
					};
				};
			};
			buildConfigurationList = E01D076129D12F7D00C405FC /* Build configuration list for PBXProject "ch04-조서영-Autolayout" */;
			compatibilityVersion = "Xcode 14.0";
			developmentRegion = en;
			hasScannedForEncodings = 0;
			knownRegions = (
				en,
				Base,
			);
			mainGroup = E01D075D29D12F7D00C405FC;
			productRefGroup = E01D076729D12F7E00C405FC /* Products */;
			projectDirPath = "";
			projectRoot = "";
			targets = (
				E01D076529D12F7E00C405FC /* ch04-조서영-Autolayout */,
			);
		};
/* End PBXProject section */

/* Begin PBXResourcesBuildPhase section */
		E01D076429D12F7E00C405FC /* Resources */ = {
			isa = PBXResourcesBuildPhase;
			buildActionMask = 2147483647;
			files = (
				E01D077629D12F7E00C405FC /* LaunchScreen.storyboard in Resources */,
				E01D077E29D12F9500C405FC /* 조서영스토리보드.storyboard in Resources */,
				E01D077329D12F7E00C405FC /* Assets.xcassets in Resources */,
				E01D077129D12F7E00C405FC /* Main.storyboard in Resources */,
			);
			runOnlyForDeploymentPostprocessing = 0;
		};
/* End PBXResourcesBuildPhase section */

/* Begin PBXSourcesBuildPhase section */
		E01D076229D12F7E00C405FC /* Sources */ = {
			isa = PBXSourcesBuildPhase;
			buildActionMask = 2147483647;
			files = (
				E01D076E29D12F7E00C405FC /* ViewController.swift in Sources */,
				E01D076A29D12F7E00C405FC /* AppDelegate.swift in Sources */,
				E01D078029D1335800C405FC /* 조서영ViewController.swift in Sources */,
				E01D076C29D12F7E00C405FC /* SceneDelegate.swift in Sources */,
			);
			runOnlyForDeploymentPostprocessing = 0;
		};
/* End PBXSourcesBuildPhase section */

/* Begin PBXVariantGroup section */
		E01D076F29D12F7E00C405FC /* Main.storyboard */ = {
			isa = PBXVariantGroup;
			children = (
				E01D077029D12F7E00C405FC /* Base */,
			);
			name = Main.storyboard;
			sourceTree = "<group>";
		};
		E01D077429D12F7E00C405FC /* LaunchScreen.storyboard */ = {
			isa = PBXVariantGroup;
			children = (
				E01D077529D12F7E00C405FC /* Base */,
			);
			name = LaunchScreen.storyboard;
			sourceTree = "<group>";
		};
/* End PBXVariantGroup section */

/* Begin XCBuildConfiguration section */
		E01D077829D12F7E00C405FC /* Debug */ = {
			isa = XCBuildConfiguration;
			buildSettings = {
				ALWAYS_SEARCH_USER_PATHS = NO;
				CLANG_ANALYZER_NONNULL = YES;
				CLANG_ANALYZER_NUMBER_OBJECT_CONVERSION = YES_AGGRESSIVE;
				CLANG_CXX_LANGUAGE_STANDARD = "gnu++20";
				CLANG_ENABLE_MODULES = YES;
				CLANG_ENABLE_OBJC_ARC = YES;
				CLANG_ENABLE_OBJC_WEAK = YES;
				CLANG_WARN_BLOCK_CAPTURE_AUTORELEASING = YES;
				CLANG_WARN_BOOL_CONVERSION = YES;
				CLANG_WARN_COMMA = YES;
				CLANG_WARN_CONSTANT_CONVERSION = YES;
				CLANG_WARN_DEPRECATED_OBJC_IMPLEMENTATIONS = YES;
				CLANG_WARN_DIRECT_OBJC_ISA_USAGE = YES_ERROR;
				CLANG_WARN_DOCUMENTATION_COMMENTS = YES;
				CLANG_WARN_EMPTY_BODY = YES;
				CLANG_WARN_ENUM_CONVERSION = YES;
				CLANG_WARN_INFINITE_RECURSION = YES;
				CLANG_WARN_INT_CONVERSION = YES;
				CLANG_WARN_NON_LITERAL_NULL_CONVERSION = YES;
				CLANG_WARN_OBJC_IMPLICIT_RETAIN_SELF = YES;
				CLANG_WARN_OBJC_LITERAL_CONVERSION = YES;
				CLANG_WARN_OBJC_ROOT_CLASS = YES_ERROR;
				CLANG_WARN_QUOTED_INCLUDE_IN_FRAMEWORK_HEADER = YES;
				CLANG_WARN_RANGE_LOOP_ANALYSIS = YES;
				CLANG_WARN_STRICT_PROTOTYPES = YES;
				CLANG_WARN_SUSPICIOUS_MOVE = YES;
				CLANG_WARN_UNGUARDED_AVAILABILITY = YES_AGGRESSIVE;
				CLANG_WARN_UNREACHABLE_CODE = YES;
				CLANG_WARN__DUPLICATE_METHOD_MATCH = YES;
				COPY_PHASE_STRIP = NO;
				DEBUG_INFORMATION_FORMAT = dwarf;
				ENABLE_STRICT_OBJC_MSGSEND = YES;
				ENABLE_TESTABILITY = YES;
				GCC_C_LANGUAGE_STANDARD = gnu11;
				GCC_DYNAMIC_NO_PIC = NO;
				GCC_NO_COMMON_BLOCKS = YES;
				GCC_OPTIMIZATION_LEVEL = 0;
				GCC_PREPROCESSOR_DEFINITIONS = (
					"DEBUG=1",
					"$(inherited)",
				);
				GCC_WARN_64_TO_32_BIT_CONVERSION = YES;
				GCC_WARN_ABOUT_RETURN_TYPE = YES_ERROR;
				GCC_WARN_UNDECLARED_SELECTOR = YES;
				GCC_WARN_UNINITIALIZED_AUTOS = YES_AGGRESSIVE;
				GCC_WARN_UNUSED_FUNCTION = YES;
				GCC_WARN_UNUSED_VARIABLE = YES;
				IPHONEOS_DEPLOYMENT_TARGET = 16.2;
				MTL_ENABLE_DEBUG_INFO = INCLUDE_SOURCE;
				MTL_FAST_MATH = YES;
				ONLY_ACTIVE_ARCH = YES;
				SDKROOT = iphoneos;
				SWIFT_ACTIVE_COMPILATION_CONDITIONS = DEBUG;
				SWIFT_OPTIMIZATION_LEVEL = "-Onone";
			};
			name = Debug;
		};
		E01D077929D12F7E00C405FC /* Release */ = {
			isa = XCBuildConfiguration;
			buildSettings = {
				ALWAYS_SEARCH_USER_PATHS = NO;
				CLANG_ANALYZER_NONNULL = YES;
				CLANG_ANALYZER_NUMBER_OBJECT_CONVERSION = YES_AGGRESSIVE;
				CLANG_CXX_LANGUAGE_STANDARD = "gnu++20";
				CLANG_ENABLE_MODULES = YES;
				CLANG_ENABLE_OBJC_ARC = YES;
				CLANG_ENABLE_OBJC_WEAK = YES;
				CLANG_WARN_BLOCK_CAPTURE_AUTORELEASING = YES;
				CLANG_WARN_BOOL_CONVERSION = YES;
				CLANG_WARN_COMMA = YES;
				CLANG_WARN_CONSTANT_CONVERSION = YES;
				CLANG_WARN_DEPRECATED_OBJC_IMPLEMENTATIONS = YES;
				CLANG_WARN_DIRECT_OBJC_ISA_USAGE = YES_ERROR;
				CLANG_WARN_DOCUMENTATION_COMMENTS = YES;
				CLANG_WARN_EMPTY_BODY = YES;
				CLANG_WARN_ENUM_CONVERSION = YES;
				CLANG_WARN_INFINITE_RECURSION = YES;
				CLANG_WARN_INT_CONVERSION = YES;
				CLANG_WARN_NON_LITERAL_NULL_CONVERSION = YES;
				CLANG_WARN_OBJC_IMPLICIT_RETAIN_SELF = YES;
				CLANG_WARN_OBJC_LITERAL_CONVERSION = YES;
				CLANG_WARN_OBJC_ROOT_CLASS = YES_ERROR;
				CLANG_WARN_QUOTED_INCLUDE_IN_FRAMEWORK_HEADER = YES;
				CLANG_WARN_RANGE_LOOP_ANALYSIS = YES;
				CLANG_WARN_STRICT_PROTOTYPES = YES;
				CLANG_WARN_SUSPICIOUS_MOVE = YES;
				CLANG_WARN_UNGUARDED_AVAILABILITY = YES_AGGRESSIVE;
				CLANG_WARN_UNREACHABLE_CODE = YES;
				CLANG_WARN__DUPLICATE_METHOD_MATCH = YES;
				COPY_PHASE_STRIP = NO;
				DEBUG_INFORMATION_FORMAT = "dwarf-with-dsym";
				ENABLE_NS_ASSERTIONS = NO;
				ENABLE_STRICT_OBJC_MSGSEND = YES;
				GCC_C_LANGUAGE_STANDARD = gnu11;
				GCC_NO_COMMON_BLOCKS = YES;
				GCC_WARN_64_TO_32_BIT_CONVERSION = YES;
				GCC_WARN_ABOUT_RETURN_TYPE = YES_ERROR;
				GCC_WARN_UNDECLARED_SELECTOR = YES;
				GCC_WARN_UNINITIALIZED_AUTOS = YES_AGGRESSIVE;
				GCC_WARN_UNUSED_FUNCTION = YES;
				GCC_WARN_UNUSED_VARIABLE = YES;
				IPHONEOS_DEPLOYMENT_TARGET = 16.2;
				MTL_ENABLE_DEBUG_INFO = NO;
				MTL_FAST_MATH = YES;
				SDKROOT = iphoneos;
				SWIFT_COMPILATION_MODE = wholemodule;
				SWIFT_OPTIMIZATION_LEVEL = "-O";
				VALIDATE_PRODUCT = YES;
			};
			name = Release;
		};
		E01D077B29D12F7E00C405FC /* Debug */ = {
			isa = XCBuildConfiguration;
			buildSettings = {
				ASSETCATALOG_COMPILER_APPICON_NAME = AppIcon;
				ASSETCATALOG_COMPILER_GLOBAL_ACCENT_COLOR_NAME = AccentColor;
				CODE_SIGN_STYLE = Automatic;
				CURRENT_PROJECT_VERSION = 1;
				DEVELOPMENT_TEAM = M3L45W89WS;
				GENERATE_INFOPLIST_FILE = YES;
				INFOPLIST_FILE = "ch04-조서영-Autolayout/Info.plist";
				INFOPLIST_KEY_UIApplicationSupportsIndirectInputEvents = YES;
				INFOPLIST_KEY_UILaunchStoryboardName = LaunchScreen;
				INFOPLIST_KEY_UIMainStoryboardFile = Main;
				INFOPLIST_KEY_UISupportedInterfaceOrientations_iPad = "UIInterfaceOrientationPortrait UIInterfaceOrientationPortraitUpsideDown UIInterfaceOrientationLandscapeLeft UIInterfaceOrientationLandscapeRight";
				INFOPLIST_KEY_UISupportedInterfaceOrientations_iPhone = "UIInterfaceOrientationPortrait UIInterfaceOrientationLandscapeLeft UIInterfaceOrientationLandscapeRight";
				LD_RUNPATH_SEARCH_PATHS = (
					"$(inherited)",
					"@executable_path/Frameworks",
				);
				MARKETING_VERSION = 1.0;
				PRODUCT_BUNDLE_IDENTIFIER = "-000mily-naver.com.ch04---------Autolayout";
				PRODUCT_NAME = "$(TARGET_NAME)";
				SWIFT_EMIT_LOC_STRINGS = YES;
				SWIFT_VERSION = 5.0;
				TARGETED_DEVICE_FAMILY = "1,2";
			};
			name = Debug;
		};
		E01D077C29D12F7E00C405FC /* Release */ = {
			isa = XCBuildConfiguration;
			buildSettings = {
				ASSETCATALOG_COMPILER_APPICON_NAME = AppIcon;
				ASSETCATALOG_COMPILER_GLOBAL_ACCENT_COLOR_NAME = AccentColor;
				CODE_SIGN_STYLE = Automatic;
				CURRENT_PROJECT_VERSION = 1;
				DEVELOPMENT_TEAM = M3L45W89WS;
				GENERATE_INFOPLIST_FILE = YES;
				INFOPLIST_FILE = "ch04-조서영-Autolayout/Info.plist";
				INFOPLIST_KEY_UIApplicationSupportsIndirectInputEvents = YES;
				INFOPLIST_KEY_UILaunchStoryboardName = LaunchScreen;
				INFOPLIST_KEY_UIMainStoryboardFile = Main;
				INFOPLIST_KEY_UISupportedInterfaceOrientations_iPad = "UIInterfaceOrientationPortrait UIInterfaceOrientationPortraitUpsideDown UIInterfaceOrientationLandscapeLeft UIInterfaceOrientationLandscapeRight";
				INFOPLIST_KEY_UISupportedInterfaceOrientations_iPhone = "UIInterfaceOrientationPortrait UIInterfaceOrientationLandscapeLeft UIInterfaceOrientationLandscapeRight";
				LD_RUNPATH_SEARCH_PATHS = (
					"$(inherited)",
					"@executable_path/Frameworks",
				);
				MARKETING_VERSION = 1.0;
				PRODUCT_BUNDLE_IDENTIFIER = "-000mily-naver.com.ch04---------Autolayout";
				PRODUCT_NAME = "$(TARGET_NAME)";
				SWIFT_EMIT_LOC_STRINGS = YES;
				SWIFT_VERSION = 5.0;
				TARGETED_DEVICE_FAMILY = "1,2";
			};
			name = Release;
		};
/* End XCBuildConfiguration section */

/* Begin XCConfigurationList section */
		E01D076129D12F7D00C405FC /* Build configuration list for PBXProject "ch04-조서영-Autolayout" */ = {
			isa = XCConfigurationList;
			buildConfigurations = (
				E01D077829D12F7E00C405FC /* Debug */,
				E01D077929D12F7E00C405FC /* Release */,
			);
			defaultConfigurationIsVisible = 0;
			defaultConfigurationName = Release;
		};
		E01D077A29D12F7E00C405FC /* Build configuration list for PBXNativeTarget "ch04-조서영-Autolayout" */ = {
			isa = XCConfigurationList;
			buildConfigurations = (
				E01D077B29D12F7E00C405FC /* Debug */,
				E01D077C29D12F7E00C405FC /* Release */,
			);
			defaultConfigurationIsVisible = 0;
			defaultConfigurationName = Release;
		};
/* End XCConfigurationList section */
	};
	rootObject = E01D075E29D12F7D00C405FC /* Project object */;
}
